
Microsoft Visual Studio Solution File, Format Version 12.00
# Visual Studio Version 16
VisualStudioVersion = 16.0.29009.5
MinimumVisualStudioVersion = 10.0.40219.1
Project("{FAE04EC0-301F-11D3-BF4B-00C04F79EFBC}") = "DictionaryImplementation", "DictionaryImplementation.csproj", "{FF92EB22-424C-4D5A-9D47-7789BB1BF6F4}"
EndProject
Global
	GlobalSection(SolutionConfigurationPlatforms) = preSolution
		Debug|Any CPU = Debug|Any CPU
		Release|Any CPU = Release|Any CPU
	EndGlobalSection
	GlobalSection(ProjectConfigurationPlatforms) = postSolution
		{FF92EB22-424C-4D5A-9D47-7789BB1BF6F4}.Debug|Any CPU.ActiveCfg = Debug|Any CPU
		{FF92EB22-424C-4D5A-9D47-7789BB1BF6F4}.Debug|Any CPU.Build.0 = Debug|Any CPU
		{FF92EB22-424C-4D5A-9D47-7789BB1BF6F4}.Release|Any CPU.ActiveCfg = Release|Any CPU
		{FF92EB22-424C-4D5A-9D47-7789BB1BF6F4}.Release|Any CPU.Build.0 = Release|Any CPU
	EndGlobalSection
	GlobalSection(SolutionProperties) = preSolution
		HideSolutionNode = FALSE
	EndGlobalSection
	GlobalSection(ExtensibilityGlobals) = postSolution
		SolutionGuid = {F61BA4E9-3AB1-4DBE-9042-2A8C5652CE67}
	EndGlobalSection
EndGlobal
